
Microsoft Visual Studio Solution File, Format Version 12.00
# Visual Studio Version 17
VisualStudioVersion = 17.4.33403.182
MinimumVisualStudioVersion = 10.0.40219.1
Project("{FAE04EC0-301F-11D3-BF4B-00C04F79EFBC}") = "AirlineCompanyWebApp", "AirlineCompanyWebApp\AirlineCompanyWebApp.csproj", "{AA0496EA-47C2-4916-97A3-456448A4D8B4}"
EndProject
Global
	GlobalSection(SolutionConfigurationPlatforms) = preSolution
		Debug|Any CPU = Debug|Any CPU
		Release|Any CPU = Release|Any CPU
	EndGlobalSection
	GlobalSection(ProjectConfigurationPlatforms) = postSolution
		{AA0496EA-47C2-4916-97A3-456448A4D8B4}.Debug|Any CPU.ActiveCfg = Debug|Any CPU
		{AA0496EA-47C2-4916-97A3-456448A4D8B4}.Debug|Any CPU.Build.0 = Debug|Any CPU
		{AA0496EA-47C2-4916-97A3-456448A4D8B4}.Release|Any CPU.ActiveCfg = Release|Any CPU
		{AA0496EA-47C2-4916-97A3-456448A4D8B4}.Release|Any CPU.Build.0 = Release|Any CPU
	EndGlobalSection
	GlobalSection(SolutionProperties) = preSolution
		HideSolutionNode = FALSE
	EndGlobalSection
	GlobalSection(ExtensibilityGlobals) = postSolution
		SolutionGuid = {50829092-D8D5-4236-8289-ED078C7ACEE4}
	EndGlobalSection
EndGlobal
